// !$*UTF8*$!
{
	archiveVersion = 1;
	classes = {
	};
	objectVersion = 55;
	objects = {

/* Begin PBXBuildFile section */
		772FC11C288AF5AD00995A63 /* UIVIew+Extension.swift in Sources */ = {isa = PBXBuildFile; fileRef = 772FC11B288AF5AD00995A63 /* UIVIew+Extension.swift */; };
		772FC11E288AF91C00995A63 /* DamagotchiMainViewController.swift in Sources */ = {isa = PBXBuildFile; fileRef = 772FC11D288AF91C00995A63 /* DamagotchiMainViewController.swift */; };
		772FC121288B207B00995A63 /* Toast in Frameworks */ = {isa = PBXBuildFile; productRef = 772FC120288B207B00995A63 /* Toast */; };
		772FC127288B238400995A63 /* IQKeyboardManagerSwift in Frameworks */ = {isa = PBXBuildFile; productRef = 772FC126288B238400995A63 /* IQKeyboardManagerSwift */; };
		7784C5DA288C18190007BB1D /* SettingTableViewController.swift in Sources */ = {isa = PBXBuildFile; fileRef = 7784C5D9288C18190007BB1D /* SettingTableViewController.swift */; };
		7784C5DE288C18700007BB1D /* SettingTableViewCell.swift in Sources */ = {isa = PBXBuildFile; fileRef = 7784C5DD288C18700007BB1D /* SettingTableViewCell.swift */; };
		7784C5E0288C1A120007BB1D /* SettingModel.swift in Sources */ = {isa = PBXBuildFile; fileRef = 7784C5DF288C1A120007BB1D /* SettingModel.swift */; };
		7784C5E2288C476C0007BB1D /* ChangeNameViewController.swift in Sources */ = {isa = PBXBuildFile; fileRef = 7784C5E1288C476C0007BB1D /* ChangeNameViewController.swift */; };
		77BC9B9E288AB00F0081E069 /* AppDelegate.swift in Sources */ = {isa = PBXBuildFile; fileRef = 77BC9B9D288AB00F0081E069 /* AppDelegate.swift */; };
		77BC9BA0288AB00F0081E069 /* SceneDelegate.swift in Sources */ = {isa = PBXBuildFile; fileRef = 77BC9B9F288AB00F0081E069 /* SceneDelegate.swift */; };
		77BC9BA7288AB00F0081E069 /* Assets.xcassets in Resources */ = {isa = PBXBuildFile; fileRef = 77BC9BA6288AB00F0081E069 /* Assets.xcassets */; };
		77BC9BAA288AB00F0081E069 /* LaunchScreen.storyboard in Resources */ = {isa = PBXBuildFile; fileRef = 77BC9BA8288AB00F0081E069 /* LaunchScreen.storyboard */; };
		77BC9BBB288AB21F0081E069 /* DamagotchiInitialStoryboard.storyboard in Resources */ = {isa = PBXBuildFile; fileRef = 77BC9BBA288AB21F0081E069 /* DamagotchiInitialStoryboard.storyboard */; };
		77BC9BBD288AB2370081E069 /* DamagotchiInitialCollectionViewController.swift in Sources */ = {isa = PBXBuildFile; fileRef = 77BC9BBC288AB2370081E069 /* DamagotchiInitialCollectionViewController.swift */; };
		77BC9BBF288AB2630081E069 /* DamagotchiInitialCollectionViewCell.swift in Sources */ = {isa = PBXBuildFile; fileRef = 77BC9BBE288AB2630081E069 /* DamagotchiInitialCollectionViewCell.swift */; };
		77BC9BC1288AB9910081E069 /* MainTamagotchiModel.swift in Sources */ = {isa = PBXBuildFile; fileRef = 77BC9BC0288AB9910081E069 /* MainTamagotchiModel.swift */; };
		77BC9BC3288AB9C80081E069 /* TamagotchiModel.swift in Sources */ = {isa = PBXBuildFile; fileRef = 77BC9BC2288AB9C80081E069 /* TamagotchiModel.swift */; };
		77BC9BC5288AC0C70081E069 /* UICollectionView+Extension.swift in Sources */ = {isa = PBXBuildFile; fileRef = 77BC9BC4288AC0C70081E069 /* UICollectionView+Extension.swift */; };
		77BC9BC9288ACA880081E069 /* PopUpViewController.swift in Sources */ = {isa = PBXBuildFile; fileRef = 77BC9BC8288ACA880081E069 /* PopUpViewController.swift */; };
/* End PBXBuildFile section */

/* Begin PBXFileReference section */
		772FC11B288AF5AD00995A63 /* UIVIew+Extension.swift */ = {isa = PBXFileReference; lastKnownFileType = sourcecode.swift; path = "UIVIew+Extension.swift"; sourceTree = "<group>"; };
		772FC11D288AF91C00995A63 /* DamagotchiMainViewController.swift */ = {isa = PBXFileReference; lastKnownFileType = sourcecode.swift; path = DamagotchiMainViewController.swift; sourceTree = "<group>"; };
		7784C5D9288C18190007BB1D /* SettingTableViewController.swift */ = {isa = PBXFileReference; lastKnownFileType = sourcecode.swift; path = SettingTableViewController.swift; sourceTree = "<group>"; };
		7784C5DD288C18700007BB1D /* SettingTableViewCell.swift */ = {isa = PBXFileReference; lastKnownFileType = sourcecode.swift; path = SettingTableViewCell.swift; sourceTree = "<group>"; };
		7784C5DF288C1A120007BB1D /* SettingModel.swift */ = {isa = PBXFileReference; lastKnownFileType = sourcecode.swift; path = SettingModel.swift; sourceTree = "<group>"; };
		7784C5E1288C476C0007BB1D /* ChangeNameViewController.swift */ = {isa = PBXFileReference; lastKnownFileType = sourcecode.swift; path = ChangeNameViewController.swift; sourceTree = "<group>"; };
		77BC9B9A288AB00F0081E069 /* Tamagotchi.app */ = {isa = PBXFileReference; explicitFileType = wrapper.application; includeInIndex = 0; path = Tamagotchi.app; sourceTree = BUILT_PRODUCTS_DIR; };
		77BC9B9D288AB00F0081E069 /* AppDelegate.swift */ = {isa = PBXFileReference; lastKnownFileType = sourcecode.swift; path = AppDelegate.swift; sourceTree = "<group>"; };
		77BC9B9F288AB00F0081E069 /* SceneDelegate.swift */ = {isa = PBXFileReference; lastKnownFileType = sourcecode.swift; path = SceneDelegate.swift; sourceTree = "<group>"; };
		77BC9BA6288AB00F0081E069 /* Assets.xcassets */ = {isa = PBXFileReference; lastKnownFileType = folder.assetcatalog; path = Assets.xcassets; sourceTree = "<group>"; };
		77BC9BA9288AB00F0081E069 /* Base */ = {isa = PBXFileReference; lastKnownFileType = file.storyboard; name = Base; path = Base.lproj/LaunchScreen.storyboard; sourceTree = "<group>"; };
		77BC9BAB288AB00F0081E069 /* Info.plist */ = {isa = PBXFileReference; lastKnownFileType = text.plist.xml; path = Info.plist; sourceTree = "<group>"; };
		77BC9BBA288AB21F0081E069 /* DamagotchiInitialStoryboard.storyboard */ = {isa = PBXFileReference; lastKnownFileType = file.storyboard; path = DamagotchiInitialStoryboard.storyboard; sourceTree = "<group>"; };
		77BC9BBC288AB2370081E069 /* DamagotchiInitialCollectionViewController.swift */ = {isa = PBXFileReference; lastKnownFileType = sourcecode.swift; path = DamagotchiInitialCollectionViewController.swift; sourceTree = "<group>"; };
		77BC9BBE288AB2630081E069 /* DamagotchiInitialCollectionViewCell.swift */ = {isa = PBXFileReference; lastKnownFileType = sourcecode.swift; path = DamagotchiInitialCollectionViewCell.swift; sourceTree = "<group>"; };
		77BC9BC0288AB9910081E069 /* MainTamagotchiModel.swift */ = {isa = PBXFileReference; lastKnownFileType = sourcecode.swift; path = MainTamagotchiModel.swift; sourceTree = "<group>"; };
		77BC9BC2288AB9C80081E069 /* TamagotchiModel.swift */ = {isa = PBXFileReference; lastKnownFileType = sourcecode.swift; path = TamagotchiModel.swift; sourceTree = "<group>"; };
		77BC9BC4288AC0C70081E069 /* UICollectionView+Extension.swift */ = {isa = PBXFileReference; lastKnownFileType = sourcecode.swift; path = "UICollectionView+Extension.swift"; sourceTree = "<group>"; };
		77BC9BC8288ACA880081E069 /* PopUpViewController.swift */ = {isa = PBXFileReference; lastKnownFileType = sourcecode.swift; path = PopUpViewController.swift; sourceTree = "<group>"; };
/* End PBXFileReference section */

/* Begin PBXFrameworksBuildPhase section */
		77BC9B97288AB00F0081E069 /* Frameworks */ = {
			isa = PBXFrameworksBuildPhase;
			buildActionMask = 2147483647;
			files = (
				772FC121288B207B00995A63 /* Toast in Frameworks */,
				772FC127288B238400995A63 /* IQKeyboardManagerSwift in Frameworks */,
			);
			runOnlyForDeploymentPostprocessing = 0;
		};
/* End PBXFrameworksBuildPhase section */

/* Begin PBXGroup section */
		77BC9B91288AB00F0081E069 = {
			isa = PBXGroup;
			children = (
				77BC9B9C288AB00F0081E069 /* Tamagotchi */,
				77BC9B9B288AB00F0081E069 /* Products */,
			);
			sourceTree = "<group>";
		};
		77BC9B9B288AB00F0081E069 /* Products */ = {
			isa = PBXGroup;
			children = (
				77BC9B9A288AB00F0081E069 /* Tamagotchi.app */,
			);
			name = Products;
			sourceTree = "<group>";
		};
		77BC9B9C288AB00F0081E069 /* Tamagotchi */ = {
			isa = PBXGroup;
			children = (
				77BC9BAB288AB00F0081E069 /* Info.plist */,
				77BC9BB2288AB0440081E069 /* Application */,
				77BC9BB7288AB0700081E069 /* View */,
				77BC9BB1288AB03A0081E069 /* ViewController */,
				77BC9BB4288AB0540081E069 /* ViewCell */,
				77BC9BB3288AB04D0081E069 /* Model */,
				77BC9BB5288AB0590081E069 /* Extensions */,
				77BC9BB6288AB0600081E069 /* Assests */,
			);
			path = Tamagotchi;
			sourceTree = "<group>";
		};
		77BC9BB1288AB03A0081E069 /* ViewController */ = {
			isa = PBXGroup;
			children = (
				77BC9BBC288AB2370081E069 /* DamagotchiInitialCollectionViewController.swift */,
				77BC9BC8288ACA880081E069 /* PopUpViewController.swift */,
				772FC11D288AF91C00995A63 /* DamagotchiMainViewController.swift */,
				7784C5D9288C18190007BB1D /* SettingTableViewController.swift */,
				7784C5E1288C476C0007BB1D /* ChangeNameViewController.swift */,
			);
			path = ViewController;
			sourceTree = "<group>";
		};
		77BC9BB2288AB0440081E069 /* Application */ = {
			isa = PBXGroup;
			children = (
				77BC9B9D288AB00F0081E069 /* AppDelegate.swift */,
				77BC9B9F288AB00F0081E069 /* SceneDelegate.swift */,
				77BC9BA8288AB00F0081E069 /* LaunchScreen.storyboard */,
			);
			path = Application;
			sourceTree = "<group>";
		};
		77BC9BB3288AB04D0081E069 /* Model */ = {
			isa = PBXGroup;
			children = (
				77BC9BC0288AB9910081E069 /* MainTamagotchiModel.swift */,
				77BC9BC2288AB9C80081E069 /* TamagotchiModel.swift */,
				7784C5DF288C1A120007BB1D /* SettingModel.swift */,
			);
			path = Model;
			sourceTree = "<group>";
		};
		77BC9BB4288AB0540081E069 /* ViewCell */ = {
			isa = PBXGroup;
			children = (
				77BC9BBE288AB2630081E069 /* DamagotchiInitialCollectionViewCell.swift */,
				7784C5DD288C18700007BB1D /* SettingTableViewCell.swift */,
			);
			path = ViewCell;
			sourceTree = "<group>";
		};
		77BC9BB5288AB0590081E069 /* Extensions */ = {
			isa = PBXGroup;
			children = (
				77BC9BC4288AC0C70081E069 /* UICollectionView+Extension.swift */,
				772FC11B288AF5AD00995A63 /* UIVIew+Extension.swift */,
			);
			path = Extensions;
			sourceTree = "<group>";
		};
		77BC9BB6288AB0600081E069 /* Assests */ = {
			isa = PBXGroup;
			children = (
				77BC9BA6288AB00F0081E069 /* Assets.xcassets */,
			);
			path = Assests;
			sourceTree = "<group>";
		};
		77BC9BB7288AB0700081E069 /* View */ = {
			isa = PBXGroup;
			children = (
				77BC9BBA288AB21F0081E069 /* DamagotchiInitialStoryboard.storyboard */,
			);
			path = View;
			sourceTree = "<group>";
		};
/* End PBXGroup section */

/* Begin PBXNativeTarget section */
		77BC9B99288AB00F0081E069 /* Tamagotchi */ = {
			isa = PBXNativeTarget;
			buildConfigurationList = 77BC9BAE288AB00F0081E069 /* Build configuration list for PBXNativeTarget "Tamagotchi" */;
			buildPhases = (
				77BC9B96288AB00F0081E069 /* Sources */,
				77BC9B97288AB00F0081E069 /* Frameworks */,
				77BC9B98288AB00F0081E069 /* Resources */,
			);
			buildRules = (
			);
			dependencies = (
			);
			name = Tamagotchi;
			packageProductDependencies = (
				772FC120288B207B00995A63 /* Toast */,
				772FC126288B238400995A63 /* IQKeyboardManagerSwift */,
			);
			productName = Tamagotchi;
			productReference = 77BC9B9A288AB00F0081E069 /* Tamagotchi.app */;
			productType = "com.apple.product-type.application";
		};
/* End PBXNativeTarget section */

/* Begin PBXProject section */
		77BC9B92288AB00F0081E069 /* Project object */ = {
			isa = PBXProject;
			attributes = {
				BuildIndependentTargetsInParallel = 1;
				LastSwiftUpdateCheck = 1340;
				LastUpgradeCheck = 1340;
				TargetAttributes = {
					77BC9B99288AB00F0081E069 = {
						CreatedOnToolsVersion = 13.4.1;
					};
				};
			};
			buildConfigurationList = 77BC9B95288AB00F0081E069 /* Build configuration list for PBXProject "Tamagotchi" */;
			compatibilityVersion = "Xcode 13.0";
			developmentRegion = en;
			hasScannedForEncodings = 0;
			knownRegions = (
				en,
				Base,
			);
			mainGroup = 77BC9B91288AB00F0081E069;
			packageReferences = (
				772FC11F288B207B00995A63 /* XCRemoteSwiftPackageReference "Toast-Swift" */,
				772FC125288B238400995A63 /* XCRemoteSwiftPackageReference "IQKeyboardManager" */,
			);
			productRefGroup = 77BC9B9B288AB00F0081E069 /* Products */;
			projectDirPath = "";
			projectRoot = "";
			targets = (
				77BC9B99288AB00F0081E069 /* Tamagotchi */,
			);
		};
/* End PBXProject section */

/* Begin PBXResourcesBuildPhase section */
		77BC9B98288AB00F0081E069 /* Resources */ = {
			isa = PBXResourcesBuildPhase;
			buildActionMask = 2147483647;
			files = (
				77BC9BAA288AB00F0081E069 /* LaunchScreen.storyboard in Resources */,
				77BC9BBB288AB21F0081E069 /* DamagotchiInitialStoryboard.storyboard in Resources */,
				77BC9BA7288AB00F0081E069 /* Assets.xcassets in Resources */,
			);
			runOnlyForDeploymentPostprocessing = 0;
		};
/* End PBXResourcesBuildPhase section */

/* Begin PBXSourcesBuildPhase section */
		77BC9B96288AB00F0081E069 /* Sources */ = {
			isa = PBXSourcesBuildPhase;
			buildActionMask = 2147483647;
			files = (
				77BC9BBD288AB2370081E069 /* DamagotchiInitialCollectionViewController.swift in Sources */,
				77BC9BC5288AC0C70081E069 /* UICollectionView+Extension.swift in Sources */,
				772FC11E288AF91C00995A63 /* DamagotchiMainViewController.swift in Sources */,
				77BC9B9E288AB00F0081E069 /* AppDelegate.swift in Sources */,
				77BC9BC1288AB9910081E069 /* MainTamagotchiModel.swift in Sources */,
				77BC9BBF288AB2630081E069 /* DamagotchiInitialCollectionViewCell.swift in Sources */,
				7784C5DE288C18700007BB1D /* SettingTableViewCell.swift in Sources */,
				7784C5E0288C1A120007BB1D /* SettingModel.swift in Sources */,
				77BC9BC3288AB9C80081E069 /* TamagotchiModel.swift in Sources */,
				7784C5DA288C18190007BB1D /* SettingTableViewController.swift in Sources */,
				77BC9BA0288AB00F0081E069 /* SceneDelegate.swift in Sources */,
				77BC9BC9288ACA880081E069 /* PopUpViewController.swift in Sources */,
				772FC11C288AF5AD00995A63 /* UIVIew+Extension.swift in Sources */,
				7784C5E2288C476C0007BB1D /* ChangeNameViewController.swift in Sources */,
			);
			runOnlyForDeploymentPostprocessing = 0;
		};
/* End PBXSourcesBuildPhase section */

/* Begin PBXVariantGroup section */
		77BC9BA8288AB00F0081E069 /* LaunchScreen.storyboard */ = {
			isa = PBXVariantGroup;
			children = (
				77BC9BA9288AB00F0081E069 /* Base */,
			);
			name = LaunchScreen.storyboard;
			sourceTree = "<group>";
		};
/* End PBXVariantGroup section */

/* Begin XCBuildConfiguration section */
		77BC9BAC288AB00F0081E069 /* Debug */ = {
			isa = XCBuildConfiguration;
			buildSettings = {
				ALWAYS_SEARCH_USER_PATHS = NO;
				CLANG_ANALYZER_NONNULL = YES;
				CLANG_ANALYZER_NUMBER_OBJECT_CONVERSION = YES_AGGRESSIVE;
				CLANG_CXX_LANGUAGE_STANDARD = "gnu++17";
				CLANG_ENABLE_MODULES = YES;
				CLANG_ENABLE_OBJC_ARC = YES;
				CLANG_ENABLE_OBJC_WEAK = YES;
				CLANG_WARN_BLOCK_CAPTURE_AUTORELEASING = YES;
				CLANG_WARN_BOOL_CONVERSION = YES;
				CLANG_WARN_COMMA = YES;
				CLANG_WARN_CONSTANT_CONVERSION = YES;
				CLANG_WARN_DEPRECATED_OBJC_IMPLEMENTATIONS = YES;
				CLANG_WARN_DIRECT_OBJC_ISA_USAGE = YES_ERROR;
				CLANG_WARN_DOCUMENTATION_COMMENTS = YES;
				CLANG_WARN_EMPTY_BODY = YES;
				CLANG_WARN_ENUM_CONVERSION = YES;
				CLANG_WARN_INFINITE_RECURSION = YES;
				CLANG_WARN_INT_CONVERSION = YES;
				CLANG_WARN_NON_LITERAL_NULL_CONVERSION = YES;
				CLANG_WARN_OBJC_IMPLICIT_RETAIN_SELF = YES;
				CLANG_WARN_OBJC_LITERAL_CONVERSION = YES;
				CLANG_WARN_OBJC_ROOT_CLASS = YES_ERROR;
				CLANG_WARN_QUOTED_INCLUDE_IN_FRAMEWORK_HEADER = YES;
				CLANG_WARN_RANGE_LOOP_ANALYSIS = YES;
				CLANG_WARN_STRICT_PROTOTYPES = YES;
				CLANG_WARN_SUSPICIOUS_MOVE = YES;
				CLANG_WARN_UNGUARDED_AVAILABILITY = YES_AGGRESSIVE;
				CLANG_WARN_UNREACHABLE_CODE = YES;
				CLANG_WARN__DUPLICATE_METHOD_MATCH = YES;
				COPY_PHASE_STRIP = NO;
				DEBUG_INFORMATION_FORMAT = dwarf;
				ENABLE_STRICT_OBJC_MSGSEND = YES;
				ENABLE_TESTABILITY = YES;
				GCC_C_LANGUAGE_STANDARD = gnu11;
				GCC_DYNAMIC_NO_PIC = NO;
				GCC_NO_COMMON_BLOCKS = YES;
				GCC_OPTIMIZATION_LEVEL = 0;
				GCC_PREPROCESSOR_DEFINITIONS = (
					"DEBUG=1",
					"$(inherited)",
				);
				GCC_WARN_64_TO_32_BIT_CONVERSION = YES;
				GCC_WARN_ABOUT_RETURN_TYPE = YES_ERROR;
				GCC_WARN_UNDECLARED_SELECTOR = YES;
				GCC_WARN_UNINITIALIZED_AUTOS = YES_AGGRESSIVE;
				GCC_WARN_UNUSED_FUNCTION = YES;
				GCC_WARN_UNUSED_VARIABLE = YES;
				IPHONEOS_DEPLOYMENT_TARGET = 15.5;
				MTL_ENABLE_DEBUG_INFO = INCLUDE_SOURCE;
				MTL_FAST_MATH = YES;
				ONLY_ACTIVE_ARCH = YES;
				SDKROOT = iphoneos;
				SWIFT_ACTIVE_COMPILATION_CONDITIONS = DEBUG;
				SWIFT_OPTIMIZATION_LEVEL = "-Onone";
			};
			name = Debug;
		};
		77BC9BAD288AB00F0081E069 /* Release */ = {
			isa = XCBuildConfiguration;
			buildSettings = {
				ALWAYS_SEARCH_USER_PATHS = NO;
				CLANG_ANALYZER_NONNULL = YES;
				CLANG_ANALYZER_NUMBER_OBJECT_CONVERSION = YES_AGGRESSIVE;
				CLANG_CXX_LANGUAGE_STANDARD = "gnu++17";
				CLANG_ENABLE_MODULES = YES;
				CLANG_ENABLE_OBJC_ARC = YES;
				CLANG_ENABLE_OBJC_WEAK = YES;
				CLANG_WARN_BLOCK_CAPTURE_AUTORELEASING = YES;
				CLANG_WARN_BOOL_CONVERSION = YES;
				CLANG_WARN_COMMA = YES;
				CLANG_WARN_CONSTANT_CONVERSION = YES;
				CLANG_WARN_DEPRECATED_OBJC_IMPLEMENTATIONS = YES;
				CLANG_WARN_DIRECT_OBJC_ISA_USAGE = YES_ERROR;
				CLANG_WARN_DOCUMENTATION_COMMENTS = YES;
				CLANG_WARN_EMPTY_BODY = YES;
				CLANG_WARN_ENUM_CONVERSION = YES;
				CLANG_WARN_INFINITE_RECURSION = YES;
				CLANG_WARN_INT_CONVERSION = YES;
				CLANG_WARN_NON_LITERAL_NULL_CONVERSION = YES;
				CLANG_WARN_OBJC_IMPLICIT_RETAIN_SELF = YES;
				CLANG_WARN_OBJC_LITERAL_CONVERSION = YES;
				CLANG_WARN_OBJC_ROOT_CLASS = YES_ERROR;
				CLANG_WARN_QUOTED_INCLUDE_IN_FRAMEWORK_HEADER = YES;
				CLANG_WARN_RANGE_LOOP_ANALYSIS = YES;
				CLANG_WARN_STRICT_PROTOTYPES = YES;
				CLANG_WARN_SUSPICIOUS_MOVE = YES;
				CLANG_WARN_UNGUARDED_AVAILABILITY = YES_AGGRESSIVE;
				CLANG_WARN_UNREACHABLE_CODE = YES;
				CLANG_WARN__DUPLICATE_METHOD_MATCH = YES;
				COPY_PHASE_STRIP = NO;
				DEBUG_INFORMATION_FORMAT = "dwarf-with-dsym";
				ENABLE_NS_ASSERTIONS = NO;
				ENABLE_STRICT_OBJC_MSGSEND = YES;
				GCC_C_LANGUAGE_STANDARD = gnu11;
				GCC_NO_COMMON_BLOCKS = YES;
				GCC_WARN_64_TO_32_BIT_CONVERSION = YES;
				GCC_WARN_ABOUT_RETURN_TYPE = YES_ERROR;
				GCC_WARN_UNDECLARED_SELECTOR = YES;
				GCC_WARN_UNINITIALIZED_AUTOS = YES_AGGRESSIVE;
				GCC_WARN_UNUSED_FUNCTION = YES;
				GCC_WARN_UNUSED_VARIABLE = YES;
				IPHONEOS_DEPLOYMENT_TARGET = 15.5;
				MTL_ENABLE_DEBUG_INFO = NO;
				MTL_FAST_MATH = YES;
				SDKROOT = iphoneos;
				SWIFT_COMPILATION_MODE = wholemodule;
				SWIFT_OPTIMIZATION_LEVEL = "-O";
				VALIDATE_PRODUCT = YES;
			};
			name = Release;
		};
		77BC9BAF288AB00F0081E069 /* Debug */ = {
			isa = XCBuildConfiguration;
			buildSettings = {
				ASSETCATALOG_COMPILER_APPICON_NAME = AppIcon;
				ASSETCATALOG_COMPILER_GLOBAL_ACCENT_COLOR_NAME = AccentColor;
				CODE_SIGN_STYLE = Automatic;
				CURRENT_PROJECT_VERSION = 1;
				DEVELOPMENT_TEAM = 5286U5DLX4;
				GENERATE_INFOPLIST_FILE = YES;
				INFOPLIST_FILE = Tamagotchi/Info.plist;
				INFOPLIST_KEY_UIApplicationSupportsIndirectInputEvents = YES;
				INFOPLIST_KEY_UILaunchStoryboardName = LaunchScreen;
				INFOPLIST_KEY_UIMainStoryboardFile = DamagotchiInitialStoryboard;
				INFOPLIST_KEY_UISupportedInterfaceOrientations_iPad = "UIInterfaceOrientationPortrait UIInterfaceOrientationPortraitUpsideDown UIInterfaceOrientationLandscapeLeft UIInterfaceOrientationLandscapeRight";
				INFOPLIST_KEY_UISupportedInterfaceOrientations_iPhone = "UIInterfaceOrientationPortrait UIInterfaceOrientationLandscapeLeft UIInterfaceOrientationLandscapeRight";
				LD_RUNPATH_SEARCH_PATHS = (
					"$(inherited)",
					"@executable_path/Frameworks",
				);
				MARKETING_VERSION = 1.0;
				PRODUCT_BUNDLE_IDENTIFIER = com.MosonLee.Tamagotchi;
				PRODUCT_NAME = "$(TARGET_NAME)";
				SWIFT_EMIT_LOC_STRINGS = YES;
				SWIFT_VERSION = 5.0;
				TARGETED_DEVICE_FAMILY = "1,2";
			};
			name = Debug;
		};
		77BC9BB0288AB00F0081E069 /* Release */ = {
			isa = XCBuildConfiguration;
			buildSettings = {
				ASSETCATALOG_COMPILER_APPICON_NAME = AppIcon;
				ASSETCATALOG_COMPILER_GLOBAL_ACCENT_COLOR_NAME = AccentColor;
				CODE_SIGN_STYLE = Automatic;
				CURRENT_PROJECT_VERSION = 1;
				DEVELOPMENT_TEAM = 5286U5DLX4;
				GENERATE_INFOPLIST_FILE = YES;
				INFOPLIST_FILE = Tamagotchi/Info.plist;
				INFOPLIST_KEY_UIApplicationSupportsIndirectInputEvents = YES;
				INFOPLIST_KEY_UILaunchStoryboardName = LaunchScreen;
				INFOPLIST_KEY_UIMainStoryboardFile = DamagotchiInitialStoryboard;
				INFOPLIST_KEY_UISupportedInterfaceOrientations_iPad = "UIInterfaceOrientationPortrait UIInterfaceOrientationPortraitUpsideDown UIInterfaceOrientationLandscapeLeft UIInterfaceOrientationLandscapeRight";
				INFOPLIST_KEY_UISupportedInterfaceOrientations_iPhone = "UIInterfaceOrientationPortrait UIInterfaceOrientationLandscapeLeft UIInterfaceOrientationLandscapeRight";
				LD_RUNPATH_SEARCH_PATHS = (
					"$(inherited)",
					"@executable_path/Frameworks",
				);
				MARKETING_VERSION = 1.0;
				PRODUCT_BUNDLE_IDENTIFIER = com.MosonLee.Tamagotchi;
				PRODUCT_NAME = "$(TARGET_NAME)";
				SWIFT_EMIT_LOC_STRINGS = YES;
				SWIFT_VERSION = 5.0;
				TARGETED_DEVICE_FAMILY = "1,2";
			};
			name = Release;
		};
/* End XCBuildConfiguration section */

/* Begin XCConfigurationList section */
		77BC9B95288AB00F0081E069 /* Build configuration list for PBXProject "Tamagotchi" */ = {
			isa = XCConfigurationList;
			buildConfigurations = (
				77BC9BAC288AB00F0081E069 /* Debug */,
				77BC9BAD288AB00F0081E069 /* Release */,
			);
			defaultConfigurationIsVisible = 0;
			defaultConfigurationName = Release;
		};
		77BC9BAE288AB00F0081E069 /* Build configuration list for PBXNativeTarget "Tamagotchi" */ = {
			isa = XCConfigurationList;
			buildConfigurations = (
				77BC9BAF288AB00F0081E069 /* Debug */,
				77BC9BB0288AB00F0081E069 /* Release */,
			);
			defaultConfigurationIsVisible = 0;
			defaultConfigurationName = Release;
		};
/* End XCConfigurationList section */

/* Begin XCRemoteSwiftPackageReference section */
		772FC11F288B207B00995A63 /* XCRemoteSwiftPackageReference "Toast-Swift" */ = {
			isa = XCRemoteSwiftPackageReference;
			repositoryURL = "https://github.com/scalessec/Toast-Swift.git";
			requirement = {
				branch = master;
				kind = branch;
			};
		};
		772FC125288B238400995A63 /* XCRemoteSwiftPackageReference "IQKeyboardManager" */ = {
			isa = XCRemoteSwiftPackageReference;
			repositoryURL = "https://github.com/hackiftekhar/IQKeyboardManager.git";
			requirement = {
				branch = master;
				kind = branch;
			};
		};
/* End XCRemoteSwiftPackageReference section */

/* Begin XCSwiftPackageProductDependency section */
		772FC120288B207B00995A63 /* Toast */ = {
			isa = XCSwiftPackageProductDependency;
			package = 772FC11F288B207B00995A63 /* XCRemoteSwiftPackageReference "Toast-Swift" */;
			productName = Toast;
		};
		772FC126288B238400995A63 /* IQKeyboardManagerSwift */ = {
			isa = XCSwiftPackageProductDependency;
			package = 772FC125288B238400995A63 /* XCRemoteSwiftPackageReference "IQKeyboardManager" */;
			productName = IQKeyboardManagerSwift;
		};
/* End XCSwiftPackageProductDependency section */
	};
	rootObject = 77BC9B92288AB00F0081E069 /* Project object */;
}
